<?xml version="1.0" encoding="utf-8"?>
<Project ToolsVersion="4.0" xmlns="http://schemas.microsoft.com/developer/msbuild/2003">
  <ItemGroup>
    <ClCompile Include="src\renderer.cpp">
      <Filter>Renderer</Filter>
    </ClCompile>
    <ClCompile Include="src\D3D11.cpp">
      <Filter>Renderer\D3D11</Filter>
    </ClCompile>
    <ClCompile Include="src\sys.cpp">
      <Filter>Main</Filter>
    </ClCompile>
    <ClCompile Include="src\main.cpp">
      <Filter>Main</Filter>
    </ClCompile>
    <ClCompile Include="src\scriptinterface.cpp">
      <Filter>Lua</Filter>
    </ClCompile>
    <ClCompile Include="src\inputhandler.cpp">
      <Filter>Input Handler</Filter>
    </ClCompile>
    <ClCompile Include="src\lualib\src\print.c">
      <Filter>Lua\lualib\src</Filter>
    </ClCompile>
    <ClCompile Include="src\lualib\src\lzio.c">
      <Filter>Lua\lualib\src</Filter>
    </ClCompile>
    <ClCompile Include="src\lualib\src\lvm.c">
      <Filter>Lua\lualib\src</Filter>
    </ClCompile>
    <ClCompile Include="src\lualib\src\lundump.c">
      <Filter>Lua\lualib\src</Filter>
    </ClCompile>
    <ClCompile Include="src\lualib\src\lua.c">
      <Filter>Lua\lualib\src</Filter>
    </ClCompile>
    <ClCompile Include="src\lualib\src\ltm.c">
      <Filter>Lua\lualib\src</Filter>
    </ClCompile>
    <ClCompile Include="src\lualib\src\ltablib.c">
      <Filter>Lua\lualib\src</Filter>
    </ClCompile>
    <ClCompile Include="src\lualib\src\ltable.c">
      <Filter>Lua\lualib\src</Filter>
    </ClCompile>
    <ClCompile Include="src\lualib\src\lstrlib.c">
      <Filter>Lua\lualib\src</Filter>
    </ClCompile>
    <ClCompile Include="src\lualib\src\lstring.c">
      <Filter>Lua\lualib\src</Filter>
    </ClCompile>
    <ClCompile Include="src\lualib\src\lstate.c">
      <Filter>Lua\lualib\src</Filter>
    </ClCompile>
    <ClCompile Include="src\lualib\src\lparser.c">
      <Filter>Lua\lualib\src</Filter>
    </ClCompile>
    <ClCompile Include="src\lualib\src\loslib.c">
      <Filter>Lua\lualib\src</Filter>
    </ClCompile>
    <ClCompile Include="src\lualib\src\lopcodes.c">
      <Filter>Lua\lualib\src</Filter>
    </ClCompile>
    <ClCompile Include="src\lualib\src\lobject.c">
      <Filter>Lua\lualib\src</Filter>
    </ClCompile>
    <ClCompile Include="src\lualib\src\loadlib.c">
      <Filter>Lua\lualib\src</Filter>
    </ClCompile>
    <ClCompile Include="src\lualib\src\lmem.c">
      <Filter>Lua\lualib\src</Filter>
    </ClCompile>
    <ClCompile Include="src\lualib\src\lmathlib.c">
      <Filter>Lua\lualib\src</Filter>
    </ClCompile>
    <ClCompile Include="src\lualib\src\llex.c">
      <Filter>Lua\lualib\src</Filter>
    </ClCompile>
    <ClCompile Include="src\lualib\src\liolib.c">
      <Filter>Lua\lualib\src</Filter>
    </ClCompile>
    <ClCompile Include="src\lualib\src\linit.c">
      <Filter>Lua\lualib\src</Filter>
    </ClCompile>
    <ClCompile Include="src\lualib\src\lgc.c">
      <Filter>Lua\lualib\src</Filter>
    </ClCompile>
    <ClCompile Include="src\lualib\src\lfunc.c">
      <Filter>Lua\lualib\src</Filter>
    </ClCompile>
    <ClCompile Include="src\lualib\src\ldump.c">
      <Filter>Lua\lualib\src</Filter>
    </ClCompile>
    <ClCompile Include="src\lualib\src\ldo.c">
      <Filter>Lua\lualib\src</Filter>
    </ClCompile>
    <ClCompile Include="src\lualib\src\ldebug.c">
      <Filter>Lua\lualib\src</Filter>
    </ClCompile>
    <ClCompile Include="src\lualib\src\ldblib.c">
      <Filter>Lua\lualib\src</Filter>
    </ClCompile>
    <ClCompile Include="src\lualib\src\lcode.c">
      <Filter>Lua\lualib\src</Filter>
    </ClCompile>
    <ClCompile Include="src\lualib\src\lbaselib.c">
      <Filter>Lua\lualib\src</Filter>
    </ClCompile>
    <ClCompile Include="src\lualib\src\lauxlib.c">
      <Filter>Lua\lualib\src</Filter>
    </ClCompile>
    <ClCompile Include="src\lualib\src\lapi.c">
      <Filter>Lua\lualib\src</Filter>
    </ClCompile>
  </ItemGroup>
  <ItemGroup>
    <ClInclude Include="src\renderer.h">
      <Filter>Renderer</Filter>
    </ClInclude>
    <ClInclude Include="src\D3D11.h">
      <Filter>Renderer\D3D11</Filter>
    </ClInclude>
    <ClInclude Include="src\sys.h">
      <Filter>Main</Filter>
    </ClInclude>
    <ClInclude Include="src\scriptinterface.h">
      <Filter>Lua</Filter>
    </ClInclude>
    <ClInclude Include="src\inputhandler.h">
      <Filter>Input Handler</Filter>
    </ClInclude>
    <ClInclude Include="src\lualib\src\lzio.h">
      <Filter>Lua\lualib\headers</Filter>
    </ClInclude>
    <ClInclude Include="src\lualib\src\lvm.h">
      <Filter>Lua\lualib\headers</Filter>
    </ClInclude>
    <ClInclude Include="src\lualib\src\lundump.h">
      <Filter>Lua\lualib\headers</Filter>
    </ClInclude>
    <ClInclude Include="src\lualib\src\lualib.h">
      <Filter>Lua\lualib\headers</Filter>
    </ClInclude>
    <ClInclude Include="src\lualib\src\luaconf.h">
      <Filter>Lua\lualib\headers</Filter>
    </ClInclude>
    <ClInclude Include="src\lualib\src\lua.h">
      <Filter>Lua\lualib\headers</Filter>
    </ClInclude>
    <ClInclude Include="src\lualib\src\ltm.h">
      <Filter>Lua\lualib\headers</Filter>
    </ClInclude>
    <ClInclude Include="src\lualib\src\ltable.h">
      <Filter>Lua\lualib\headers</Filter>
    </ClInclude>
    <ClInclude Include="src\lualib\src\lstring.h">
      <Filter>Lua\lualib\headers</Filter>
    </ClInclude>
    <ClInclude Include="src\lualib\src\lstate.h">
      <Filter>Lua\lualib\headers</Filter>
    </ClInclude>
    <ClInclude Include="src\lualib\src\lparser.h">
      <Filter>Lua\lualib\headers</Filter>
    </ClInclude>
    <ClInclude Include="src\lualib\src\lopcodes.h">
      <Filter>Lua\lualib\headers</Filter>
    </ClInclude>
    <ClInclude Include="src\lualib\src\lobject.h">
      <Filter>Lua\lualib\headers</Filter>
    </ClInclude>
    <ClInclude Include="src\lualib\src\lmem.h">
      <Filter>Lua\lualib\headers</Filter>
    </ClInclude>
    <ClInclude Include="src\lualib\src\llimits.h">
      <Filter>Lua\lualib\headers</Filter>
    </ClInclude>
    <ClInclude Include="src\lualib\src\llex.h">
      <Filter>Lua\lualib\headers</Filter>
    </ClInclude>
    <ClInclude Include="src\lualib\src\lgc.h">
      <Filter>Lua\lualib\headers</Filter>
    </ClInclude>
    <ClInclude Include="src\lualib\src\lfunc.h">
      <Filter>Lua\lualib\headers</Filter>
    </ClInclude>
    <ClInclude Include="src\lualib\src\ldo.h">
      <Filter>Lua\lualib\headers</Filter>
    </ClInclude>
    <ClInclude Include="src\lualib\src\ldebug.h">
      <Filter>Lua\lualib\headers</Filter>
    </ClInclude>
    <ClInclude Include="src\lualib\src\lcode.h">
      <Filter>Lua\lualib\headers</Filter>
    </ClInclude>
    <ClInclude Include="src\lualib\src\lauxlib.h">
      <Filter>Lua\lualib\headers</Filter>
    </ClInclude>
    <ClInclude Include="src\lualib\src\lapi.h">
      <Filter>Lua\lualib\headers</Filter>
    </ClInclude>
  </ItemGroup>
  <ItemGroup>
    <Filter Include="Renderer">
      <UniqueIdentifier>{8a108947-ebd7-464b-827d-8d9adaddf387}</UniqueIdentifier>
    </Filter>
    <Filter Include="Renderer\D3D11">
      <UniqueIdentifier>{530fdc5e-667c-4375-8414-222903020ee6}</UniqueIdentifier>
    </Filter>
    <Filter Include="Main">
      <UniqueIdentifier>{b10f9c90-18f9-4461-8197-40fdb5f7fe6b}</UniqueIdentifier>
    </Filter>
    <Filter Include="Lua">
      <UniqueIdentifier>{64643226-11cc-4e1e-ac83-392f527a81d4}</UniqueIdentifier>
    </Filter>
    <Filter Include="Input Handler">
      <UniqueIdentifier>{eda20088-2074-4f55-8117-c70d5010bca3}</UniqueIdentifier>
    </Filter>
    <Filter Include="Lua\lualib">
      <UniqueIdentifier>{f65bc233-be24-48eb-b3db-ca51b559b284}</UniqueIdentifier>
    </Filter>
    <Filter Include="Lua\lualib\src">
      <UniqueIdentifier>{6c732626-4887-4dd4-8379-5b730a0b52d1}</UniqueIdentifier>
    </Filter>
    <Filter Include="Lua\lualib\headers">
      <UniqueIdentifier>{8b495d40-9673-4000-8326-da331a5abf44}</UniqueIdentifier>
    </Filter>
  </ItemGroup>
</Project>