<?xml version="1.0" encoding="utf-8"?>
<Project ToolsVersion="4.0" xmlns="http://schemas.microsoft.com/developer/msbuild/2003">
  <ItemGroup>
    <ClCompile Include="src\renderer.cpp">
      <Filter>Renderer</Filter>
    </ClCompile>
    <ClCompile Include="src\D3D11.cpp">
      <Filter>Renderer\D3D11</Filter>
    </ClCompile>
    <ClCompile Include="src\sys.cpp">
      <Filter>Main</Filter>
    </ClCompile>
    <ClCompile Include="src\main.cpp">
      <Filter>Main</Filter>
    </ClCompile>
    <ClCompile Include="src\scriptinterface.cpp">
      <Filter>Lua</Filter>
    </ClCompile>
    <ClCompile Include="src\inputhandler.cpp">
      <Filter>Input Handler</Filter>
    </ClCompile>
  </ItemGroup>
  <ItemGroup>
    <ClInclude Include="src\renderer.h">
      <Filter>Renderer</Filter>
    </ClInclude>
    <ClInclude Include="src\D3D11.h">
      <Filter>Renderer\D3D11</Filter>
    </ClInclude>
    <ClInclude Include="src\sys.h">
      <Filter>Main</Filter>
    </ClInclude>
    <ClInclude Include="src\scriptinterface.h">
      <Filter>Lua</Filter>
    </ClInclude>
    <ClInclude Include="src\inputhandler.h">
      <Filter>Input Handler</Filter>
    </ClInclude>
  </ItemGroup>
  <ItemGroup>
    <Filter Include="Renderer">
      <UniqueIdentifier>{8a108947-ebd7-464b-827d-8d9adaddf387}</UniqueIdentifier>
    </Filter>
    <Filter Include="Renderer\D3D11">
      <UniqueIdentifier>{530fdc5e-667c-4375-8414-222903020ee6}</UniqueIdentifier>
    </Filter>
    <Filter Include="Main">
      <UniqueIdentifier>{b10f9c90-18f9-4461-8197-40fdb5f7fe6b}</UniqueIdentifier>
    </Filter>
    <Filter Include="Lua">
      <UniqueIdentifier>{64643226-11cc-4e1e-ac83-392f527a81d4}</UniqueIdentifier>
    </Filter>
    <Filter Include="Lua\lua_lib">
      <UniqueIdentifier>{94ba2acd-c98a-4a18-9428-dce0ef78cd3a}</UniqueIdentifier>
    </Filter>
    <Filter Include="Input Handler">
      <UniqueIdentifier>{eda20088-2074-4f55-8117-c70d5010bca3}</UniqueIdentifier>
    </Filter>
  </ItemGroup>
</Project>